
Microsoft Visual Studio Solution File, Format Version 12.00
# Visual Studio Version 17
VisualStudioVersion = 17.5.002.0
MinimumVisualStudioVersion = 10.0.40219.1
Project("{9A19103F-16F7-4668-BE54-9A1E7A4F7556}") = "TP1-AED-SI-Competição", "TP1-AED-SI-Competição.csproj", "{BDAC6756-3937-491A-AA88-BCBC04CA9266}"
EndProject
Global
	GlobalSection(SolutionConfigurationPlatforms) = preSolution
		Debug|Any CPU = Debug|Any CPU
		Release|Any CPU = Release|Any CPU
	EndGlobalSection
	GlobalSection(ProjectConfigurationPlatforms) = postSolution
		{BDAC6756-3937-491A-AA88-BCBC04CA9266}.Debug|Any CPU.ActiveCfg = Debug|Any CPU
		{BDAC6756-3937-491A-AA88-BCBC04CA9266}.Debug|Any CPU.Build.0 = Debug|Any CPU
		{BDAC6756-3937-491A-AA88-BCBC04CA9266}.Release|Any CPU.ActiveCfg = Release|Any CPU
		{BDAC6756-3937-491A-AA88-BCBC04CA9266}.Release|Any CPU.Build.0 = Release|Any CPU
	EndGlobalSection
	GlobalSection(SolutionProperties) = preSolution
		HideSolutionNode = FALSE
	EndGlobalSection
	GlobalSection(ExtensibilityGlobals) = postSolution
		SolutionGuid = {C81D4E27-660E-4C0E-9E59-25DDC08CF0DE}
	EndGlobalSection
EndGlobal
