
Microsoft Visual Studio Solution File, Format Version 12.00
# Visual Studio Version 17
VisualStudioVersion = 17.5.002.0
MinimumVisualStudioVersion = 10.0.40219.1
Project("{9A19103F-16F7-4668-BE54-9A1E7A4F7556}") = "star trek", "star trek.csproj", "{3A6354C7-0D20-4ADA-9BCB-5EAA55ECB6CD}"
EndProject
Global
	GlobalSection(SolutionConfigurationPlatforms) = preSolution
		Debug|Any CPU = Debug|Any CPU
		Release|Any CPU = Release|Any CPU
	EndGlobalSection
	GlobalSection(ProjectConfigurationPlatforms) = postSolution
		{3A6354C7-0D20-4ADA-9BCB-5EAA55ECB6CD}.Debug|Any CPU.ActiveCfg = Debug|Any CPU
		{3A6354C7-0D20-4ADA-9BCB-5EAA55ECB6CD}.Debug|Any CPU.Build.0 = Debug|Any CPU
		{3A6354C7-0D20-4ADA-9BCB-5EAA55ECB6CD}.Release|Any CPU.ActiveCfg = Release|Any CPU
		{3A6354C7-0D20-4ADA-9BCB-5EAA55ECB6CD}.Release|Any CPU.Build.0 = Release|Any CPU
	EndGlobalSection
	GlobalSection(SolutionProperties) = preSolution
		HideSolutionNode = FALSE
	EndGlobalSection
	GlobalSection(ExtensibilityGlobals) = postSolution
		SolutionGuid = {C78FE1E1-226F-4C8B-8A24-A847E6E35684}
	EndGlobalSection
EndGlobal
